# @generated by Move, please check-in and do not edit manually.

[move]
version = 0

dependencies = [
  { name = "Allowlist" },
  { name = "Authlist" },
  { name = "Kiosk" },
  { name = "LiquidityLayer" },
  { name = "Originmate" },
  { name = "Permissions" },
  { name = "Request" },
  { name = "Utils" },
]

[[move.package]]
name = "Allowlist"
source = { local = "../allowlist" }

dependencies = [
  { name = "Permissions" },
]

[[move.package]]
name = "Authlist"
source = { local = "../authlist" }

dependencies = [
  { name = "Permissions" },
]

[[move.package]]
name = "Kiosk"
source = { local = "../kiosk" }

dependencies = [
  { name = "Originmate" },
  { name = "Permissions" },
  { name = "Request" },
]

[[move.package]]
name = "LiquidityLayer"
source = { local = "../liquidity_layer" }

dependencies = [
  { name = "Allowlist" },
  { name = "Authlist" },
  { name = "Kiosk" },
  { name = "Originmate" },
  { name = "Permissions" },
  { name = "Request" },
]

[[move.package]]
name = "MoveStdlib"
source = { git = "https://github.com/MystenLabs/sui.git", rev = "f65b02ccc0de97e815abe0afed0ff69c4571d265", subdir = "crates/sui-framework/packages/move-stdlib" }

[[move.package]]
name = "Originmate"
source = { local = "../../../originmate" }

dependencies = [
  { name = "Sui" },
]

[[move.package]]
name = "Permissions"
source = { local = "../permissions" }

dependencies = [
  { name = "Utils" },
]

[[move.package]]
name = "Request"
source = { local = "../request" }

dependencies = [
  { name = "Originmate" },
  { name = "Permissions" },
]

[[move.package]]
name = "Sui"
source = { git = "https://github.com/MystenLabs/sui.git", rev = "f65b02ccc0de97e815abe0afed0ff69c4571d265", subdir = "crates/sui-framework/packages/sui-framework" }

dependencies = [
  { name = "MoveStdlib" },
]

[[move.package]]
name = "Utils"
source = { local = "../utils" }

dependencies = [
  { name = "Originmate" },
]
